// !$*UTF8*$!
{
	archiveVersion = 1;
	classes = {
	};
	objectVersion = 48;
	objects = {

/* Begin PBXBuildFile section */
		AFA64F001FE21AFE00A678E2 /* AppDelegate.swift in Sources */ = {isa = PBXBuildFile; fileRef = AFA64EFF1FE21AFE00A678E2 /* AppDelegate.swift */; };
		AFA64F021FE21AFE00A678E2 /* ViewController.swift in Sources */ = {isa = PBXBuildFile; fileRef = AFA64F011FE21AFE00A678E2 /* ViewController.swift */; };
		AFA64F051FE21AFE00A678E2 /* Main.storyboard in Resources */ = {isa = PBXBuildFile; fileRef = AFA64F031FE21AFE00A678E2 /* Main.storyboard */; };
		AFA64F071FE21AFE00A678E2 /* Assets.xcassets in Resources */ = {isa = PBXBuildFile; fileRef = AFA64F061FE21AFE00A678E2 /* Assets.xcassets */; };
		AFA64F0A1FE21AFE00A678E2 /* LaunchScreen.storyboard in Resources */ = {isa = PBXBuildFile; fileRef = AFA64F081FE21AFE00A678E2 /* LaunchScreen.storyboard */; };
		AFA64F121FE2383E00A678E2 /* ViewControllerOne.swift in Sources */ = {isa = PBXBuildFile; fileRef = AFA64F111FE2383E00A678E2 /* ViewControllerOne.swift */; };
/* End PBXBuildFile section */

/* Begin PBXFileReference section */
		AFA64EFC1FE21AFE00A678E2 /* TwoTypesDataTableView.app */ = {isa = PBXFileReference; explicitFileType = wrapper.application; includeInIndex = 0; path = TwoTypesDataTableView.app; sourceTree = BUILT_PRODUCTS_DIR; };
		AFA64EFF1FE21AFE00A678E2 /* AppDelegate.swift */ = {isa = PBXFileReference; lastKnownFileType = sourcecode.swift; path = AppDelegate.swift; sourceTree = "<group>"; };
		AFA64F011FE21AFE00A678E2 /* ViewController.swift */ = {isa = PBXFileReference; lastKnownFileType = sourcecode.swift; path = ViewController.swift; sourceTree = "<group>"; };
		AFA64F041FE21AFE00A678E2 /* Base */ = {isa = PBXFileReference; lastKnownFileType = file.storyboard; name = Base; path = Base.lproj/Main.storyboard; sourceTree = "<group>"; };
		AFA64F061FE21AFE00A678E2 /* Assets.xcassets */ = {isa = PBXFileReference; lastKnownFileType = folder.assetcatalog; path = Assets.xcassets; sourceTree = "<group>"; };
		AFA64F091FE21AFE00A678E2 /* Base */ = {isa = PBXFileReference; lastKnownFileType = file.storyboard; name = Base; path = Base.lproj/LaunchScreen.storyboard; sourceTree = "<group>"; };
		AFA64F0B1FE21AFE00A678E2 /* Info.plist */ = {isa = PBXFileReference; lastKnownFileType = text.plist.xml; path = Info.plist; sourceTree = "<group>"; };
		AFA64F111FE2383E00A678E2 /* ViewControllerOne.swift */ = {isa = PBXFileReference; lastKnownFileType = sourcecode.swift; path = ViewControllerOne.swift; sourceTree = "<group>"; };
/* End PBXFileReference section */

/* Begin PBXFrameworksBuildPhase section */
		AFA64EF91FE21AFE00A678E2 /* Frameworks */ = {
			isa = PBXFrameworksBuildPhase;
			buildActionMask = 2147483647;
			files = (
			);
			runOnlyForDeploymentPostprocessing = 0;
		};
/* End PBXFrameworksBuildPhase section */

/* Begin PBXGroup section */
		AFA64EF31FE21AFE00A678E2 = {
			isa = PBXGroup;
			children = (
				AFA64EFE1FE21AFE00A678E2 /* TwoTypesDataTableView */,
				AFA64EFD1FE21AFE00A678E2 /* Products */,
			);
			sourceTree = "<group>";
		};
		AFA64EFD1FE21AFE00A678E2 /* Products */ = {
			isa = PBXGroup;
			children = (
				AFA64EFC1FE21AFE00A678E2 /* TwoTypesDataTableView.app */,
			);
			name = Products;
			sourceTree = "<group>";
		};
		AFA64EFE1FE21AFE00A678E2 /* TwoTypesDataTableView */ = {
			isa = PBXGroup;
			children = (
				AFA64EFF1FE21AFE00A678E2 /* AppDelegate.swift */,
				AFA64F011FE21AFE00A678E2 /* ViewController.swift */,
				AFA64F031FE21AFE00A678E2 /* Main.storyboard */,
				AFA64F111FE2383E00A678E2 /* ViewControllerOne.swift */,
				AFA64F061FE21AFE00A678E2 /* Assets.xcassets */,
				AFA64F081FE21AFE00A678E2 /* LaunchScreen.storyboard */,
				AFA64F0B1FE21AFE00A678E2 /* Info.plist */,
			);
			path = TwoTypesDataTableView;
			sourceTree = "<group>";
		};
/* End PBXGroup section */

/* Begin PBXNativeTarget section */
		AFA64EFB1FE21AFE00A678E2 /* TwoTypesDataTableView */ = {
			isa = PBXNativeTarget;
			buildConfigurationList = AFA64F0E1FE21AFE00A678E2 /* Build configuration list for PBXNativeTarget "TwoTypesDataTableView" */;
			buildPhases = (
				AFA64EF81FE21AFE00A678E2 /* Sources */,
				AFA64EF91FE21AFE00A678E2 /* Frameworks */,
				AFA64EFA1FE21AFE00A678E2 /* Resources */,
			);
			buildRules = (
			);
			dependencies = (
			);
			name = TwoTypesDataTableView;
			productName = TwoTypesDataTableView;
			productReference = AFA64EFC1FE21AFE00A678E2 /* TwoTypesDataTableView.app */;
			productType = "com.apple.product-type.application";
		};
/* End PBXNativeTarget section */

/* Begin PBXProject section */
		AFA64EF41FE21AFE00A678E2 /* Project object */ = {
			isa = PBXProject;
			attributes = {
				LastSwiftUpdateCheck = 0900;
				LastUpgradeCheck = 0900;
				ORGANIZATIONNAME = Anhdzai;
				TargetAttributes = {
					AFA64EFB1FE21AFE00A678E2 = {
						CreatedOnToolsVersion = 9.0;
						ProvisioningStyle = Automatic;
					};
				};
			};
			buildConfigurationList = AFA64EF71FE21AFE00A678E2 /* Build configuration list for PBXProject "TwoTypesDataTableView" */;
			compatibilityVersion = "Xcode 8.0";
			developmentRegion = en;
			hasScannedForEncodings = 0;
			knownRegions = (
				en,
				Base,
			);
			mainGroup = AFA64EF31FE21AFE00A678E2;
			productRefGroup = AFA64EFD1FE21AFE00A678E2 /* Products */;
			projectDirPath = "";
			projectRoot = "";
			targets = (
				AFA64EFB1FE21AFE00A678E2 /* TwoTypesDataTableView */,
			);
		};
/* End PBXProject section */

/* Begin PBXResourcesBuildPhase section */
		AFA64EFA1FE21AFE00A678E2 /* Resources */ = {
			isa = PBXResourcesBuildPhase;
			buildActionMask = 2147483647;
			files = (
				AFA64F0A1FE21AFE00A678E2 /* LaunchScreen.storyboard in Resources */,
				AFA64F071FE21AFE00A678E2 /* Assets.xcassets in Resources */,
				AFA64F051FE21AFE00A678E2 /* Main.storyboard in Resources */,
			);
			runOnlyForDeploymentPostprocessing = 0;
		};
/* End PBXResourcesBuildPhase section */

/* Begin PBXSourcesBuildPhase section */
		AFA64EF81FE21AFE00A678E2 /* Sources */ = {
			isa = PBXSourcesBuildPhase;
			buildActionMask = 2147483647;
			files = (
				AFA64F121FE2383E00A678E2 /* ViewControllerOne.swift in Sources */,
				AFA64F021FE21AFE00A678E2 /* ViewController.swift in Sources */,
				AFA64F001FE21AFE00A678E2 /* AppDelegate.swift in Sources */,
			);
			runOnlyForDeploymentPostprocessing = 0;
		};
/* End PBXSourcesBuildPhase section */

/* Begin PBXVariantGroup section */
		AFA64F031FE21AFE00A678E2 /* Main.storyboard */ = {
			isa = PBXVariantGroup;
			children = (
				AFA64F041FE21AFE00A678E2 /* Base */,
			);
			name = Main.storyboard;
			sourceTree = "<group>";
		};
		AFA64F081FE21AFE00A678E2 /* LaunchScreen.storyboard */ = {
			isa = PBXVariantGroup;
			children = (
				AFA64F091FE21AFE00A678E2 /* Base */,
			);
			name = LaunchScreen.storyboard;
			sourceTree = "<group>";
		};
/* End PBXVariantGroup section */

/* Begin XCBuildConfiguration section */
		AFA64F0C1FE21AFE00A678E2 /* Debug */ = {
			isa = XCBuildConfiguration;
			buildSettings = {
				ALWAYS_SEARCH_USER_PATHS = NO;
				CLANG_ANALYZER_NONNULL = YES;
				CLANG_ANALYZER_NUMBER_OBJECT_CONVERSION = YES_AGGRESSIVE;
				CLANG_CXX_LANGUAGE_STANDARD = "gnu++14";
				CLANG_CXX_LIBRARY = "libc++";
				CLANG_ENABLE_MODULES = YES;
				CLANG_ENABLE_OBJC_ARC = YES;
				CLANG_WARN_BLOCK_CAPTURE_AUTORELEASING = YES;
				CLANG_WARN_BOOL_CONVERSION = YES;
				CLANG_WARN_COMMA = YES;
				CLANG_WARN_CONSTANT_CONVERSION = YES;
				CLANG_WARN_DIRECT_OBJC_ISA_USAGE = YES_ERROR;
				CLANG_WARN_DOCUMENTATION_COMMENTS = YES;
				CLANG_WARN_EMPTY_BODY = YES;
				CLANG_WARN_ENUM_CONVERSION = YES;
				CLANG_WARN_INFINITE_RECURSION = YES;
				CLANG_WARN_INT_CONVERSION = YES;
				CLANG_WARN_NON_LITERAL_NULL_CONVERSION = YES;
				CLANG_WARN_OBJC_LITERAL_CONVERSION = YES;
				CLANG_WARN_OBJC_ROOT_CLASS = YES_ERROR;
				CLANG_WARN_RANGE_LOOP_ANALYSIS = YES;
				CLANG_WARN_STRICT_PROTOTYPES = YES;
				CLANG_WARN_SUSPICIOUS_MOVE = YES;
				CLANG_WARN_UNGUARDED_AVAILABILITY = YES_AGGRESSIVE;
				CLANG_WARN_UNREACHABLE_CODE = YES;
				CLANG_WARN__DUPLICATE_METHOD_MATCH = YES;
				CODE_SIGN_IDENTITY = "iPhone Developer";
				COPY_PHASE_STRIP = NO;
				DEBUG_INFORMATION_FORMAT = dwarf;
				ENABLE_STRICT_OBJC_MSGSEND = YES;
				ENABLE_TESTABILITY = YES;
				GCC_C_LANGUAGE_STANDARD = gnu11;
				GCC_DYNAMIC_NO_PIC = NO;
				GCC_NO_COMMON_BLOCKS = YES;
				GCC_OPTIMIZATION_LEVEL = 0;
				GCC_PREPROCESSOR_DEFINITIONS = (
					"DEBUG=1",
					"$(inherited)",
				);
				GCC_WARN_64_TO_32_BIT_CONVERSION = YES;
				GCC_WARN_ABOUT_RETURN_TYPE = YES_ERROR;
				GCC_WARN_UNDECLARED_SELECTOR = YES;
				GCC_WARN_UNINITIALIZED_AUTOS = YES_AGGRESSIVE;
				GCC_WARN_UNUSED_FUNCTION = YES;
				GCC_WARN_UNUSED_VARIABLE = YES;
				IPHONEOS_DEPLOYMENT_TARGET = 11.0;
				MTL_ENABLE_DEBUG_INFO = YES;
				ONLY_ACTIVE_ARCH = YES;
				SDKROOT = iphoneos;
				SWIFT_ACTIVE_COMPILATION_CONDITIONS = DEBUG;
				SWIFT_OPTIMIZATION_LEVEL = "-Onone";
			};
			name = Debug;
		};
		AFA64F0D1FE21AFE00A678E2 /* Release */ = {
			isa = XCBuildConfiguration;
			buildSettings = {
				ALWAYS_SEARCH_USER_PATHS = NO;
				CLANG_ANALYZER_NONNULL = YES;
				CLANG_ANALYZER_NUMBER_OBJECT_CONVERSION = YES_AGGRESSIVE;
				CLANG_CXX_LANGUAGE_STANDARD = "gnu++14";
				CLANG_CXX_LIBRARY = "libc++";
				CLANG_ENABLE_MODULES = YES;
				CLANG_ENABLE_OBJC_ARC = YES;
				CLANG_WARN_BLOCK_CAPTURE_AUTORELEASING = YES;
				CLANG_WARN_BOOL_CONVERSION = YES;
				CLANG_WARN_COMMA = YES;
				CLANG_WARN_CONSTANT_CONVERSION = YES;
				CLANG_WARN_DIRECT_OBJC_ISA_USAGE = YES_ERROR;
				CLANG_WARN_DOCUMENTATION_COMMENTS = YES;
				CLANG_WARN_EMPTY_BODY = YES;
				CLANG_WARN_ENUM_CONVERSION = YES;
				CLANG_WARN_INFINITE_RECURSION = YES;
				CLANG_WARN_INT_CONVERSION = YES;
				CLANG_WARN_NON_LITERAL_NULL_CONVERSION = YES;
				CLANG_WARN_OBJC_LITERAL_CONVERSION = YES;
				CLANG_WARN_OBJC_ROOT_CLASS = YES_ERROR;
				CLANG_WARN_RANGE_LOOP_ANALYSIS = YES;
				CLANG_WARN_STRICT_PROTOTYPES = YES;
				CLANG_WARN_SUSPICIOUS_MOVE = YES;
				CLANG_WARN_UNGUARDED_AVAILABILITY = YES_AGGRESSIVE;
				CLANG_WARN_UNREACHABLE_CODE = YES;
				CLANG_WARN__DUPLICATE_METHOD_MATCH = YES;
				CODE_SIGN_IDENTITY = "iPhone Developer";
				COPY_PHASE_STRIP = NO;
				DEBUG_INFORMATION_FORMAT = "dwarf-with-dsym";
				ENABLE_NS_ASSERTIONS = NO;
				ENABLE_STRICT_OBJC_MSGSEND = YES;
				GCC_C_LANGUAGE_STANDARD = gnu11;
				GCC_NO_COMMON_BLOCKS = YES;
				GCC_WARN_64_TO_32_BIT_CONVERSION = YES;
				GCC_WARN_ABOUT_RETURN_TYPE = YES_ERROR;
				GCC_WARN_UNDECLARED_SELECTOR = YES;
				GCC_WARN_UNINITIALIZED_AUTOS = YES_AGGRESSIVE;
				GCC_WARN_UNUSED_FUNCTION = YES;
				GCC_WARN_UNUSED_VARIABLE = YES;
				IPHONEOS_DEPLOYMENT_TARGET = 11.0;
				MTL_ENABLE_DEBUG_INFO = NO;
				SDKROOT = iphoneos;
				SWIFT_OPTIMIZATION_LEVEL = "-Owholemodule";
				VALIDATE_PRODUCT = YES;
			};
			name = Release;
		};
		AFA64F0F1FE21AFE00A678E2 /* Debug */ = {
			isa = XCBuildConfiguration;
			buildSettings = {
				ASSETCATALOG_COMPILER_APPICON_NAME = AppIcon;
				CODE_SIGN_STYLE = Automatic;
				INFOPLIST_FILE = TwoTypesDataTableView/Info.plist;
				LD_RUNPATH_SEARCH_PATHS = "$(inherited) @executable_path/Frameworks";
				PRODUCT_BUNDLE_IDENTIFIER = Anhdzai.TwoTypesDataTableView;
				PRODUCT_NAME = "$(TARGET_NAME)";
				SWIFT_VERSION = 4.0;
				TARGETED_DEVICE_FAMILY = "1,2";
			};
			name = Debug;
		};
		AFA64F101FE21AFE00A678E2 /* Release */ = {
			isa = XCBuildConfiguration;
			buildSettings = {
				ASSETCATALOG_COMPILER_APPICON_NAME = AppIcon;
				CODE_SIGN_STYLE = Automatic;
				INFOPLIST_FILE = TwoTypesDataTableView/Info.plist;
				LD_RUNPATH_SEARCH_PATHS = "$(inherited) @executable_path/Frameworks";
				PRODUCT_BUNDLE_IDENTIFIER = Anhdzai.TwoTypesDataTableView;
				PRODUCT_NAME = "$(TARGET_NAME)";
				SWIFT_VERSION = 4.0;
				TARGETED_DEVICE_FAMILY = "1,2";
			};
			name = Release;
		};
/* End XCBuildConfiguration section */

/* Begin XCConfigurationList section */
		AFA64EF71FE21AFE00A678E2 /* Build configuration list for PBXProject "TwoTypesDataTableView" */ = {
			isa = XCConfigurationList;
			buildConfigurations = (
				AFA64F0C1FE21AFE00A678E2 /* Debug */,
				AFA64F0D1FE21AFE00A678E2 /* Release */,
			);
			defaultConfigurationIsVisible = 0;
			defaultConfigurationName = Release;
		};
		AFA64F0E1FE21AFE00A678E2 /* Build configuration list for PBXNativeTarget "TwoTypesDataTableView" */ = {
			isa = XCConfigurationList;
			buildConfigurations = (
				AFA64F0F1FE21AFE00A678E2 /* Debug */,
				AFA64F101FE21AFE00A678E2 /* Release */,
			);
			defaultConfigurationIsVisible = 0;
			defaultConfigurationName = Release;
		};
/* End XCConfigurationList section */
	};
	rootObject = AFA64EF41FE21AFE00A678E2 /* Project object */;
}
